Microsoft Visual Studio Solution File, Format Version 12.00
# Visual Studio Version 17
VisualStudioVersion = 17.5.2.0
MinimumVisualStudioVersion = 10.0.40219.1
Project("{FAE04EC0-301F-11D3-BF4B-00C04F79EFBC}") = "tatehama_trainradio_server", "tatehama_trainradio_server.csproj", "{5E79AF7D-DDF9-F9C8-49E5-43576463A9D9}"
EndProject
Global
	GlobalSection(SolutionConfigurationPlatforms) = preSolution
		Debug|Any CPU = Debug|Any CPU
		Release|Any CPU = Release|Any CPU
	EndGlobalSection
	GlobalSection(ProjectConfigurationPlatforms) = postSolution
		{5E79AF7D-DDF9-F9C8-49E5-43576463A9D9}.Debug|Any CPU.ActiveCfg = Debug|Any CPU
		{5E79AF7D-DDF9-F9C8-49E5-43576463A9D9}.Debug|Any CPU.Build.0 = Debug|Any CPU
		{5E79AF7D-DDF9-F9C8-49E5-43576463A9D9}.Release|Any CPU.ActiveCfg = Release|Any CPU
		{5E79AF7D-DDF9-F9C8-49E5-43576463A9D9}.Release|Any CPU.Build.0 = Release|Any CPU
	EndGlobalSection
	GlobalSection(SolutionProperties) = preSolution
		HideSolutionNode = FALSE
	EndGlobalSection
	GlobalSection(ExtensibilityGlobals) = postSolution
		SolutionGuid = {A50C6643-B4D8-47E9-B3A4-A7F844220A43}
	EndGlobalSection
EndGlobal
